
Microsoft Visual Studio Solution File, Format Version 12.00
# Visual Studio Version 17
VisualStudioVersion = 17.0.31903.59
MinimumVisualStudioVersion = 10.0.40219.1
Project("{FAE04EC0-301F-11D3-BF4B-00C04F79EFBC}") = "CiccioSoft.Sqlite.Interop", "CiccioSoft.Sqlite.Interop\CiccioSoft.Sqlite.Interop.csproj", "{AD7277FB-8A70-4185-9A46-AD67C9F78A33}"
EndProject
Project("{FAE04EC0-301F-11D3-BF4B-00C04F79EFBC}") = "CiccioSoft.Sqlite.Interop.Example", "CiccioSoft.Sqlite.Interop.Example\CiccioSoft.Sqlite.Interop.Example.csproj", "{6B9481BF-147C-4B5A-A910-DBC6E232B132}"
EndProject
Project("{FAE04EC0-301F-11D3-BF4B-00C04F79EFBC}") = "CiccioSoft.Data.Sqlite", "CiccioSoft.Data.Sqlite\CiccioSoft.Data.Sqlite.csproj", "{6FC2BE3C-51AB-48D7-AE4C-469F663A46F3}"
EndProject
Project("{FAE04EC0-301F-11D3-BF4B-00C04F79EFBC}") = "CiccioSoft.Data.Sqlite.Tests", "CiccioSoft.Data.Sqlite.Tests\CiccioSoft.Data.Sqlite.Tests.csproj", "{B935DB18-26E1-4ED7-92AA-572EE28CB5B6}"
EndProject
Global
	GlobalSection(SolutionConfigurationPlatforms) = preSolution
		Debug|Any CPU = Debug|Any CPU
		Debug|x64 = Debug|x64
		Debug|x86 = Debug|x86
		Release|Any CPU = Release|Any CPU
		Release|x64 = Release|x64
		Release|x86 = Release|x86
	EndGlobalSection
	GlobalSection(ProjectConfigurationPlatforms) = postSolution
		{AD7277FB-8A70-4185-9A46-AD67C9F78A33}.Debug|Any CPU.ActiveCfg = Debug|Any CPU
		{AD7277FB-8A70-4185-9A46-AD67C9F78A33}.Debug|Any CPU.Build.0 = Debug|Any CPU
		{AD7277FB-8A70-4185-9A46-AD67C9F78A33}.Debug|x64.ActiveCfg = Debug|Any CPU
		{AD7277FB-8A70-4185-9A46-AD67C9F78A33}.Debug|x64.Build.0 = Debug|Any CPU
		{AD7277FB-8A70-4185-9A46-AD67C9F78A33}.Debug|x86.ActiveCfg = Debug|Any CPU
		{AD7277FB-8A70-4185-9A46-AD67C9F78A33}.Debug|x86.Build.0 = Debug|Any CPU
		{AD7277FB-8A70-4185-9A46-AD67C9F78A33}.Release|Any CPU.ActiveCfg = Release|Any CPU
		{AD7277FB-8A70-4185-9A46-AD67C9F78A33}.Release|Any CPU.Build.0 = Release|Any CPU
		{AD7277FB-8A70-4185-9A46-AD67C9F78A33}.Release|x64.ActiveCfg = Release|Any CPU
		{AD7277FB-8A70-4185-9A46-AD67C9F78A33}.Release|x64.Build.0 = Release|Any CPU
		{AD7277FB-8A70-4185-9A46-AD67C9F78A33}.Release|x86.ActiveCfg = Release|Any CPU
		{AD7277FB-8A70-4185-9A46-AD67C9F78A33}.Release|x86.Build.0 = Release|Any CPU
		{6B9481BF-147C-4B5A-A910-DBC6E232B132}.Debug|Any CPU.ActiveCfg = Debug|Any CPU
		{6B9481BF-147C-4B5A-A910-DBC6E232B132}.Debug|Any CPU.Build.0 = Debug|Any CPU
		{6B9481BF-147C-4B5A-A910-DBC6E232B132}.Debug|x64.ActiveCfg = Debug|Any CPU
		{6B9481BF-147C-4B5A-A910-DBC6E232B132}.Debug|x64.Build.0 = Debug|Any CPU
		{6B9481BF-147C-4B5A-A910-DBC6E232B132}.Debug|x86.ActiveCfg = Debug|Any CPU
		{6B9481BF-147C-4B5A-A910-DBC6E232B132}.Debug|x86.Build.0 = Debug|Any CPU
		{6B9481BF-147C-4B5A-A910-DBC6E232B132}.Release|Any CPU.ActiveCfg = Release|Any CPU
		{6B9481BF-147C-4B5A-A910-DBC6E232B132}.Release|Any CPU.Build.0 = Release|Any CPU
		{6B9481BF-147C-4B5A-A910-DBC6E232B132}.Release|x64.ActiveCfg = Release|Any CPU
		{6B9481BF-147C-4B5A-A910-DBC6E232B132}.Release|x64.Build.0 = Release|Any CPU
		{6B9481BF-147C-4B5A-A910-DBC6E232B132}.Release|x86.ActiveCfg = Release|Any CPU
		{6B9481BF-147C-4B5A-A910-DBC6E232B132}.Release|x86.Build.0 = Release|Any CPU
		{6FC2BE3C-51AB-48D7-AE4C-469F663A46F3}.Debug|Any CPU.ActiveCfg = Debug|Any CPU
		{6FC2BE3C-51AB-48D7-AE4C-469F663A46F3}.Debug|Any CPU.Build.0 = Debug|Any CPU
		{6FC2BE3C-51AB-48D7-AE4C-469F663A46F3}.Debug|x64.ActiveCfg = Debug|Any CPU
		{6FC2BE3C-51AB-48D7-AE4C-469F663A46F3}.Debug|x64.Build.0 = Debug|Any CPU
		{6FC2BE3C-51AB-48D7-AE4C-469F663A46F3}.Debug|x86.ActiveCfg = Debug|Any CPU
		{6FC2BE3C-51AB-48D7-AE4C-469F663A46F3}.Debug|x86.Build.0 = Debug|Any CPU
		{6FC2BE3C-51AB-48D7-AE4C-469F663A46F3}.Release|Any CPU.ActiveCfg = Release|Any CPU
		{6FC2BE3C-51AB-48D7-AE4C-469F663A46F3}.Release|Any CPU.Build.0 = Release|Any CPU
		{6FC2BE3C-51AB-48D7-AE4C-469F663A46F3}.Release|x64.ActiveCfg = Release|Any CPU
		{6FC2BE3C-51AB-48D7-AE4C-469F663A46F3}.Release|x64.Build.0 = Release|Any CPU
		{6FC2BE3C-51AB-48D7-AE4C-469F663A46F3}.Release|x86.ActiveCfg = Release|Any CPU
		{6FC2BE3C-51AB-48D7-AE4C-469F663A46F3}.Release|x86.Build.0 = Release|Any CPU
		{B935DB18-26E1-4ED7-92AA-572EE28CB5B6}.Debug|Any CPU.ActiveCfg = Debug|Any CPU
		{B935DB18-26E1-4ED7-92AA-572EE28CB5B6}.Debug|Any CPU.Build.0 = Debug|Any CPU
		{B935DB18-26E1-4ED7-92AA-572EE28CB5B6}.Debug|x64.ActiveCfg = Debug|Any CPU
		{B935DB18-26E1-4ED7-92AA-572EE28CB5B6}.Debug|x64.Build.0 = Debug|Any CPU
		{B935DB18-26E1-4ED7-92AA-572EE28CB5B6}.Debug|x86.ActiveCfg = Debug|Any CPU
		{B935DB18-26E1-4ED7-92AA-572EE28CB5B6}.Debug|x86.Build.0 = Debug|Any CPU
		{B935DB18-26E1-4ED7-92AA-572EE28CB5B6}.Release|Any CPU.ActiveCfg = Release|Any CPU
		{B935DB18-26E1-4ED7-92AA-572EE28CB5B6}.Release|Any CPU.Build.0 = Release|Any CPU
		{B935DB18-26E1-4ED7-92AA-572EE28CB5B6}.Release|x64.ActiveCfg = Release|Any CPU
		{B935DB18-26E1-4ED7-92AA-572EE28CB5B6}.Release|x64.Build.0 = Release|Any CPU
		{B935DB18-26E1-4ED7-92AA-572EE28CB5B6}.Release|x86.ActiveCfg = Release|Any CPU
		{B935DB18-26E1-4ED7-92AA-572EE28CB5B6}.Release|x86.Build.0 = Release|Any CPU
	EndGlobalSection
	GlobalSection(SolutionProperties) = preSolution
		HideSolutionNode = FALSE
	EndGlobalSection
EndGlobal
